
Microsoft Visual Studio Solution File, Format Version 12.00
# Visual Studio Version 17
VisualStudioVersion = 17.5.33424.131
MinimumVisualStudioVersion = 10.0.40219.1
Project("{9A19103F-16F7-4668-BE54-9A1E7A4F7556}") = "UmotaWebApp.Client", "Client\UmotaWebApp.Client.csproj", "{1A291A00-26AD-40E6-A13E-7321BA086BF5}"
EndProject
Project("{9A19103F-16F7-4668-BE54-9A1E7A4F7556}") = "UmotaWebApp.Server", "Server\UmotaWebApp.Server.csproj", "{54558141-D0E6-48AA-8411-AACA2DEC3C7B}"
EndProject
Project("{9A19103F-16F7-4668-BE54-9A1E7A4F7556}") = "UmotaWebApp.Server.Data", "Server.Data\UmotaWebApp.Server.Data.csproj", "{720CCB54-F009-475D-BC3F-3FCDE7985BDC}"
EndProject
Project("{9A19103F-16F7-4668-BE54-9A1E7A4F7556}") = "UmotaWebApp.Shared", "Shared\UmotaWebApp.Shared.csproj", "{176D98A0-1B64-48B2-B496-293C14CEF385}"
EndProject
Global
	GlobalSection(SolutionConfigurationPlatforms) = preSolution
		Debug|Any CPU = Debug|Any CPU
		Release|Any CPU = Release|Any CPU
	EndGlobalSection
	GlobalSection(ProjectConfigurationPlatforms) = postSolution
		{1A291A00-26AD-40E6-A13E-7321BA086BF5}.Debug|Any CPU.ActiveCfg = Debug|Any CPU
		{1A291A00-26AD-40E6-A13E-7321BA086BF5}.Debug|Any CPU.Build.0 = Debug|Any CPU
		{1A291A00-26AD-40E6-A13E-7321BA086BF5}.Release|Any CPU.ActiveCfg = Release|Any CPU
		{1A291A00-26AD-40E6-A13E-7321BA086BF5}.Release|Any CPU.Build.0 = Release|Any CPU
		{54558141-D0E6-48AA-8411-AACA2DEC3C7B}.Debug|Any CPU.ActiveCfg = Debug|Any CPU
		{54558141-D0E6-48AA-8411-AACA2DEC3C7B}.Debug|Any CPU.Build.0 = Debug|Any CPU
		{54558141-D0E6-48AA-8411-AACA2DEC3C7B}.Release|Any CPU.ActiveCfg = Release|Any CPU
		{54558141-D0E6-48AA-8411-AACA2DEC3C7B}.Release|Any CPU.Build.0 = Release|Any CPU
		{720CCB54-F009-475D-BC3F-3FCDE7985BDC}.Debug|Any CPU.ActiveCfg = Debug|Any CPU
		{720CCB54-F009-475D-BC3F-3FCDE7985BDC}.Debug|Any CPU.Build.0 = Debug|Any CPU
		{720CCB54-F009-475D-BC3F-3FCDE7985BDC}.Release|Any CPU.ActiveCfg = Release|Any CPU
		{720CCB54-F009-475D-BC3F-3FCDE7985BDC}.Release|Any CPU.Build.0 = Release|Any CPU
		{176D98A0-1B64-48B2-B496-293C14CEF385}.Debug|Any CPU.ActiveCfg = Debug|Any CPU
		{176D98A0-1B64-48B2-B496-293C14CEF385}.Debug|Any CPU.Build.0 = Debug|Any CPU
		{176D98A0-1B64-48B2-B496-293C14CEF385}.Release|Any CPU.ActiveCfg = Release|Any CPU
		{176D98A0-1B64-48B2-B496-293C14CEF385}.Release|Any CPU.Build.0 = Release|Any CPU
	EndGlobalSection
	GlobalSection(SolutionProperties) = preSolution
		HideSolutionNode = FALSE
	EndGlobalSection
	GlobalSection(ExtensibilityGlobals) = postSolution
		SolutionGuid = {C4CB7756-A0A0-4C91-9CF5-49D1D5DA0E4D}
	EndGlobalSection
EndGlobal
